
Microsoft Visual Studio Solution File, Format Version 12.00
# Visual Studio Version 17
VisualStudioVersion = 17.6.33815.320
MinimumVisualStudioVersion = 10.0.40219.1
Project("{FAE04EC0-301F-11D3-BF4B-00C04F79EFBC}") = "KekMessenger", "KekMessenger.csproj", "{8A6300DB-A592-4BF5-A97D-E2A5C6AFDC79}"
EndProject
Global
	GlobalSection(SolutionConfigurationPlatforms) = preSolution
		Debug|Any CPU = Debug|Any CPU
		Release|Any CPU = Release|Any CPU
	EndGlobalSection
	GlobalSection(ProjectConfigurationPlatforms) = postSolution
		{8A6300DB-A592-4BF5-A97D-E2A5C6AFDC79}.Debug|Any CPU.ActiveCfg = Debug|Any CPU
		{8A6300DB-A592-4BF5-A97D-E2A5C6AFDC79}.Debug|Any CPU.Build.0 = Debug|Any CPU
		{8A6300DB-A592-4BF5-A97D-E2A5C6AFDC79}.Release|Any CPU.ActiveCfg = Release|Any CPU
		{8A6300DB-A592-4BF5-A97D-E2A5C6AFDC79}.Release|Any CPU.Build.0 = Release|Any CPU
	EndGlobalSection
	GlobalSection(SolutionProperties) = preSolution
		HideSolutionNode = FALSE
	EndGlobalSection
	GlobalSection(ExtensibilityGlobals) = postSolution
		SolutionGuid = {8743C4BC-0683-4220-B8BC-F27956F49ECF}
	EndGlobalSection
EndGlobal
